
Microsoft Visual Studio Solution File, Format Version 12.00
# Visual Studio Version 16
VisualStudioVersion = 16.0.29503.13
MinimumVisualStudioVersion = 10.0.40219.1
Project("{FAE04EC0-301F-11D3-BF4B-00C04F79EFBC}") = "Uplift", "Uplift\Uplift.csproj", "{FF9943CA-A5D1-44C6-BA07-6EB4A9E524FA}"
EndProject
Project("{FAE04EC0-301F-11D3-BF4B-00C04F79EFBC}") = "Uplift.DataAccess", "Uplift.DataAccess\Uplift.DataAccess.csproj", "{6F73FC73-D64B-4DD5-8E68-EFC692BCB4E8}"
EndProject
Project("{FAE04EC0-301F-11D3-BF4B-00C04F79EFBC}") = "Uplift.Models", "Uplift.Models\Uplift.Models.csproj", "{D46C6892-9963-47B5-B46A-2DADA3908E86}"
EndProject
Project("{FAE04EC0-301F-11D3-BF4B-00C04F79EFBC}") = "Uplift.Utility", "Uplift.Utility\Uplift.Utility.csproj", "{0C5DC2D4-A134-47A4-88E0-67102CB21713}"
EndProject
Global
	GlobalSection(SolutionConfigurationPlatforms) = preSolution
		Debug|Any CPU = Debug|Any CPU
		Release|Any CPU = Release|Any CPU
	EndGlobalSection
	GlobalSection(ProjectConfigurationPlatforms) = postSolution
		{FF9943CA-A5D1-44C6-BA07-6EB4A9E524FA}.Debug|Any CPU.ActiveCfg = Debug|Any CPU
		{FF9943CA-A5D1-44C6-BA07-6EB4A9E524FA}.Debug|Any CPU.Build.0 = Debug|Any CPU
		{FF9943CA-A5D1-44C6-BA07-6EB4A9E524FA}.Release|Any CPU.ActiveCfg = Release|Any CPU
		{FF9943CA-A5D1-44C6-BA07-6EB4A9E524FA}.Release|Any CPU.Build.0 = Release|Any CPU
		{6F73FC73-D64B-4DD5-8E68-EFC692BCB4E8}.Debug|Any CPU.ActiveCfg = Debug|Any CPU
		{6F73FC73-D64B-4DD5-8E68-EFC692BCB4E8}.Debug|Any CPU.Build.0 = Debug|Any CPU
		{6F73FC73-D64B-4DD5-8E68-EFC692BCB4E8}.Release|Any CPU.ActiveCfg = Release|Any CPU
		{6F73FC73-D64B-4DD5-8E68-EFC692BCB4E8}.Release|Any CPU.Build.0 = Release|Any CPU
		{D46C6892-9963-47B5-B46A-2DADA3908E86}.Debug|Any CPU.ActiveCfg = Debug|Any CPU
		{D46C6892-9963-47B5-B46A-2DADA3908E86}.Debug|Any CPU.Build.0 = Debug|Any CPU
		{D46C6892-9963-47B5-B46A-2DADA3908E86}.Release|Any CPU.ActiveCfg = Release|Any CPU
		{D46C6892-9963-47B5-B46A-2DADA3908E86}.Release|Any CPU.Build.0 = Release|Any CPU
		{0C5DC2D4-A134-47A4-88E0-67102CB21713}.Debug|Any CPU.ActiveCfg = Debug|Any CPU
		{0C5DC2D4-A134-47A4-88E0-67102CB21713}.Debug|Any CPU.Build.0 = Debug|Any CPU
		{0C5DC2D4-A134-47A4-88E0-67102CB21713}.Release|Any CPU.ActiveCfg = Release|Any CPU
		{0C5DC2D4-A134-47A4-88E0-67102CB21713}.Release|Any CPU.Build.0 = Release|Any CPU
	EndGlobalSection
	GlobalSection(SolutionProperties) = preSolution
		HideSolutionNode = FALSE
	EndGlobalSection
	GlobalSection(ExtensibilityGlobals) = postSolution
		SolutionGuid = {7492F8C8-5947-49D6-8C47-C8CEC6E366AC}
	EndGlobalSection
EndGlobal
