
Microsoft Visual Studio Solution File, Format Version 12.00
# Visual Studio Version 16
VisualStudioVersion = 16.0.30011.22
MinimumVisualStudioVersion = 10.0.40219.1
Project("{FAE04EC0-301F-11D3-BF4B-00C04F79EFBC}") = "RealEstateManager", "RealEstateManager\RealEstateManager.csproj", "{8AAE95C1-E8DE-49DE-BC64-0E12FCAF07CA}"
EndProject
Project("{FAE04EC0-301F-11D3-BF4B-00C04F79EFBC}") = "RealEstateManager.DataAccess", "RealEstateManager.DataAccess\RealEstateManager.DataAccess.csproj", "{67DC06A5-2369-439B-9DC6-FF73A71FF8E2}"
EndProject
Project("{FAE04EC0-301F-11D3-BF4B-00C04F79EFBC}") = "RealEstateManager.Database", "RealEstateManager.Database\RealEstateManager.Database.csproj", "{113384EA-41DE-45C8-8CFF-A03197D94B88}"
EndProject
Project("{FAE04EC0-301F-11D3-BF4B-00C04F79EFBC}") = "RealEstateManager.Types", "RealEstateManager.Types\RealEstateManager.Types.csproj", "{09E0ED99-93F7-4482-949F-46D039A8419B}"
EndProject
Project("{FAE04EC0-301F-11D3-BF4B-00C04F79EFBC}") = "RealEstateManager.Utilities", "RealEstateManager.Utilities\RealEstateManager.Utilities.csproj", "{08873709-DA12-47C8-BEFA-DCDFE027BB50}"
EndProject
Global
	GlobalSection(SolutionConfigurationPlatforms) = preSolution
		Debug|Any CPU = Debug|Any CPU
		Release|Any CPU = Release|Any CPU
	EndGlobalSection
	GlobalSection(ProjectConfigurationPlatforms) = postSolution
		{8AAE95C1-E8DE-49DE-BC64-0E12FCAF07CA}.Debug|Any CPU.ActiveCfg = Debug|Any CPU
		{8AAE95C1-E8DE-49DE-BC64-0E12FCAF07CA}.Debug|Any CPU.Build.0 = Debug|Any CPU
		{8AAE95C1-E8DE-49DE-BC64-0E12FCAF07CA}.Release|Any CPU.ActiveCfg = Release|Any CPU
		{8AAE95C1-E8DE-49DE-BC64-0E12FCAF07CA}.Release|Any CPU.Build.0 = Release|Any CPU
		{67DC06A5-2369-439B-9DC6-FF73A71FF8E2}.Debug|Any CPU.ActiveCfg = Debug|Any CPU
		{67DC06A5-2369-439B-9DC6-FF73A71FF8E2}.Debug|Any CPU.Build.0 = Debug|Any CPU
		{67DC06A5-2369-439B-9DC6-FF73A71FF8E2}.Release|Any CPU.ActiveCfg = Release|Any CPU
		{67DC06A5-2369-439B-9DC6-FF73A71FF8E2}.Release|Any CPU.Build.0 = Release|Any CPU
		{113384EA-41DE-45C8-8CFF-A03197D94B88}.Debug|Any CPU.ActiveCfg = Debug|Any CPU
		{113384EA-41DE-45C8-8CFF-A03197D94B88}.Debug|Any CPU.Build.0 = Debug|Any CPU
		{113384EA-41DE-45C8-8CFF-A03197D94B88}.Release|Any CPU.ActiveCfg = Release|Any CPU
		{113384EA-41DE-45C8-8CFF-A03197D94B88}.Release|Any CPU.Build.0 = Release|Any CPU
		{09E0ED99-93F7-4482-949F-46D039A8419B}.Debug|Any CPU.ActiveCfg = Debug|Any CPU
		{09E0ED99-93F7-4482-949F-46D039A8419B}.Debug|Any CPU.Build.0 = Debug|Any CPU
		{09E0ED99-93F7-4482-949F-46D039A8419B}.Release|Any CPU.ActiveCfg = Release|Any CPU
		{09E0ED99-93F7-4482-949F-46D039A8419B}.Release|Any CPU.Build.0 = Release|Any CPU
		{08873709-DA12-47C8-BEFA-DCDFE027BB50}.Debug|Any CPU.ActiveCfg = Debug|Any CPU
		{08873709-DA12-47C8-BEFA-DCDFE027BB50}.Debug|Any CPU.Build.0 = Debug|Any CPU
		{08873709-DA12-47C8-BEFA-DCDFE027BB50}.Release|Any CPU.ActiveCfg = Release|Any CPU
		{08873709-DA12-47C8-BEFA-DCDFE027BB50}.Release|Any CPU.Build.0 = Release|Any CPU
	EndGlobalSection
	GlobalSection(SolutionProperties) = preSolution
		HideSolutionNode = FALSE
	EndGlobalSection
	GlobalSection(ExtensibilityGlobals) = postSolution
		SolutionGuid = {9F159050-D63E-43C8-A6FA-79975370AA22}
	EndGlobalSection
EndGlobal
